Microsoft Visual Studio Solution File, Format Version 12.00
# Visual Studio 14
VisualStudioVersion = 14.0.25029.0
MinimumVisualStudioVersion = 10.0.40219.1
Project("{262852C6-CD72-467D-83FE-5EEB1973A190}") = "fandor", "fandor.csproj", "{BBF04562-614F-43F4-8E5A-7614EC47334C}"
EndProject
Global
	GlobalSection(SolutionConfigurationPlatforms) = preSolution
		Debug|Any CPU = Debug|Any CPU
		Debug|ARM = Debug|ARM
		Debug|x64 = Debug|x64
		Debug|x86 = Debug|x86
		Release|Any CPU = Release|Any CPU
		Release|ARM = Release|ARM
		Release|x64 = Release|x64
		Release|x86 = Release|x86
	EndGlobalSection
	GlobalSection(ProjectConfigurationPlatforms) = postSolution
		{BBF04562-614F-43F4-8E5A-7614EC47334C}.Debug|Any CPU.ActiveCfg = Debug|Any CPU
		{BBF04562-614F-43F4-8E5A-7614EC47334C}.Debug|Any CPU.Build.0 = Debug|Any CPU
		{BBF04562-614F-43F4-8E5A-7614EC47334C}.Debug|Any CPU.Deploy.0 = Debug|Any CPU
		{BBF04562-614F-43F4-8E5A-7614EC47334C}.Debug|ARM.ActiveCfg = Debug|Any CPU
		{BBF04562-614F-43F4-8E5A-7614EC47334C}.Debug|ARM.Build.0 = Debug|Any CPU
		{BBF04562-614F-43F4-8E5A-7614EC47334C}.Debug|x64.ActiveCfg = Debug|Any CPU
		{BBF04562-614F-43F4-8E5A-7614EC47334C}.Debug|x64.Build.0 = Debug|Any CPU
		{BBF04562-614F-43F4-8E5A-7614EC47334C}.Debug|x86.ActiveCfg = Debug|Any CPU
		{BBF04562-614F-43F4-8E5A-7614EC47334C}.Debug|x86.Build.0 = Debug|Any CPU
		{BBF04562-614F-43F4-8E5A-7614EC47334C}.Release|Any CPU.ActiveCfg = Release|Any CPU
		{BBF04562-614F-43F4-8E5A-7614EC47334C}.Release|Any CPU.Build.0 = Release|Any CPU
		{BBF04562-614F-43F4-8E5A-7614EC47334C}.Release|Any CPU.Deploy.0 = Release|Any CPU
		{BBF04562-614F-43F4-8E5A-7614EC47334C}.Release|ARM.ActiveCfg = Release|Any CPU
		{BBF04562-614F-43F4-8E5A-7614EC47334C}.Release|ARM.Build.0 = Release|Any CPU
		{BBF04562-614F-43F4-8E5A-7614EC47334C}.Release|x64.ActiveCfg = Release|Any CPU
		{BBF04562-614F-43F4-8E5A-7614EC47334C}.Release|x64.Build.0 = Release|Any CPU
		{BBF04562-614F-43F4-8E5A-7614EC47334C}.Release|x86.ActiveCfg = Release|Any CPU
		{BBF04562-614F-43F4-8E5A-7614EC47334C}.Release|x86.Build.0 = Release|Any CPU
	EndGlobalSection
	GlobalSection(SolutionProperties) = preSolution
		HideSolutionNode = FALSE
	EndGlobalSection
EndGlobal
